// !$*UTF8*$!
{
	archiveVersion = 1;
	classes = {
	};
	objectVersion = 50;
	objects = {

/* Begin PBXBuildFile section */
		77285F0E26A56CB0009C30DD /* FavoriteHeaderView.swift in Sources */ = {isa = PBXBuildFile; fileRef = 77285F0D26A56CAF009C30DD /* FavoriteHeaderView.swift */; };
		77285F1F26AFE5F1009C30DD /* DevelopersViewModel.swift in Sources */ = {isa = PBXBuildFile; fileRef = 77285F1E26AFE5F1009C30DD /* DevelopersViewModel.swift */; };
		77285F2326AFEA90009C30DD /* DeveloperModel.swift in Sources */ = {isa = PBXBuildFile; fileRef = 77285F2226AFEA90009C30DD /* DeveloperModel.swift */; };
		77285F2826AFF414009C30DD /* DeveloperTableViewCell.swift in Sources */ = {isa = PBXBuildFile; fileRef = 77285F2626AFF414009C30DD /* DeveloperTableViewCell.swift */; };
		77285F2926AFF414009C30DD /* DeveloperTableViewCell.xib in Resources */ = {isa = PBXBuildFile; fileRef = 77285F2726AFF414009C30DD /* DeveloperTableViewCell.xib */; };
		77285F2B26B01553009C30DD /* DevelopersTableViewHeader.swift in Sources */ = {isa = PBXBuildFile; fileRef = 77285F2A26B01552009C30DD /* DevelopersTableViewHeader.swift */; };
		77285F3126B02866009C30DD /* DevelopersViewController.swift in Sources */ = {isa = PBXBuildFile; fileRef = 77285F2E26B02472009C30DD /* DevelopersViewController.swift */; };
		77285F3226B02A5B009C30DD /* DevelopersViewController.xib in Resources */ = {isa = PBXBuildFile; fileRef = 77285F3026B02488009C30DD /* DevelopersViewController.xib */; };
		77285F3926B02BD1009C30DD /* DeveloperDetailViewController.swift in Sources */ = {isa = PBXBuildFile; fileRef = 77285F3726B02BD1009C30DD /* DeveloperDetailViewController.swift */; };
		77388259269F287A00DF6482 /* SavedGame+CoreDataClass.swift in Sources */ = {isa = PBXBuildFile; fileRef = 77388257269F287A00DF6482 /* SavedGame+CoreDataClass.swift */; };
		7738825A269F287A00DF6482 /* SavedGame+CoreDataProperties.swift in Sources */ = {isa = PBXBuildFile; fileRef = 77388258269F287A00DF6482 /* SavedGame+CoreDataProperties.swift */; };
		7738826126A16D1100DF6482 /* FavoriteViewModel.swift in Sources */ = {isa = PBXBuildFile; fileRef = 7738826026A16D1100DF6482 /* FavoriteViewModel.swift */; };
		77A435F9269C73DD002B023D /* FullScreenImageViewModel.swift in Sources */ = {isa = PBXBuildFile; fileRef = 77A435F8269C73DD002B023D /* FullScreenImageViewModel.swift */; };
		77A435FB269C75A3002B023D /* DetailViewModel.swift in Sources */ = {isa = PBXBuildFile; fileRef = 77A435FA269C75A3002B023D /* DetailViewModel.swift */; };
		77A435FE269D9E1B002B023D /* GameCoreData.xcdatamodeld in Sources */ = {isa = PBXBuildFile; fileRef = 77A435FC269D9E1B002B023D /* GameCoreData.xcdatamodeld */; };
		77AD6E6326942ABC00ACE034 /* ScreenshotCollectionViewCell.swift in Sources */ = {isa = PBXBuildFile; fileRef = 77AD6E6126942ABC00ACE034 /* ScreenshotCollectionViewCell.swift */; };
		77AD6E6426942ABC00ACE034 /* ScreenshotCollectionViewCell.xib in Resources */ = {isa = PBXBuildFile; fileRef = 77AD6E6226942ABC00ACE034 /* ScreenshotCollectionViewCell.xib */; };
		BE017B3B26A0312000DB8F39 /* CoreDataManager.swift in Sources */ = {isa = PBXBuildFile; fileRef = BE017B3A26A0312000DB8F39 /* CoreDataManager.swift */; };
		BE017B3F26A6FAF700DB8F39 /* AlertHelper.swift in Sources */ = {isa = PBXBuildFile; fileRef = BE017B3E26A6FAF700DB8F39 /* AlertHelper.swift */; };
		BE017B4326B132F200DB8F39 /* DeveloperDetailViewModel.swift in Sources */ = {isa = PBXBuildFile; fileRef = BE017B4226B132F200DB8F39 /* DeveloperDetailViewModel.swift */; };
		BE017B7E26B18FCF00DB8F39 /* String+Ex.swift in Sources */ = {isa = PBXBuildFile; fileRef = BE017B7D26B18FCF00DB8F39 /* String+Ex.swift */; };
		BE017B7F26B1906D00DB8F39 /* Localizable.strings in Resources */ = {isa = PBXBuildFile; fileRef = BE017B8126B1906D00DB8F39 /* Localizable.strings */; };
		BE017B8326B1984100DB8F39 /* DeveloperDetailViewController.xib in Resources */ = {isa = PBXBuildFile; fileRef = BE017B8526B1984100DB8F39 /* DeveloperDetailViewController.xib */; };
		BE017B8A26B19E9C00DB8F39 /* DevelopersTableViewHeader.xib in Resources */ = {isa = PBXBuildFile; fileRef = BE017B8C26B19E9C00DB8F39 /* DevelopersTableViewHeader.xib */; };
		BE017B9126B1A12D00DB8F39 /* GamesListTableViewHeader.xib in Resources */ = {isa = PBXBuildFile; fileRef = BE017B9326B1A12D00DB8F39 /* GamesListTableViewHeader.xib */; };
		BE017B9826B1A1BA00DB8F39 /* FavoriteHeaderView.xib in Resources */ = {isa = PBXBuildFile; fileRef = BE017B9A26B1A1BA00DB8F39 /* FavoriteHeaderView.xib */; };
		BE017B9F26B1A61100DB8F39 /* FavoriteGamesViewController.xib in Resources */ = {isa = PBXBuildFile; fileRef = BE017BA126B1A61100DB8F39 /* FavoriteGamesViewController.xib */; };
		BE017BA626B1A67700DB8F39 /* GameTableViewCell.xib in Resources */ = {isa = PBXBuildFile; fileRef = BE017BA826B1A67700DB8F39 /* GameTableViewCell.xib */; };
		BE017BB026B28A1A00DB8F39 /* DetailViewController.xib in Resources */ = {isa = PBXBuildFile; fileRef = BE017BB226B28A1A00DB8F39 /* DetailViewController.xib */; };
		BE792E9F2689E23B0007F6C8 /* AppDelegate.swift in Sources */ = {isa = PBXBuildFile; fileRef = BE792E9E2689E23B0007F6C8 /* AppDelegate.swift */; };
		BE792EA82689E23C0007F6C8 /* Assets.xcassets in Resources */ = {isa = PBXBuildFile; fileRef = BE792EA72689E23C0007F6C8 /* Assets.xcassets */; };
		BE792EB82689E2D80007F6C8 /* GamesViewController.xib in Resources */ = {isa = PBXBuildFile; fileRef = BE792EB72689E2D80007F6C8 /* GamesViewController.xib */; };
		BE792EBA2689E2EB0007F6C8 /* GamesViewController.swift in Sources */ = {isa = PBXBuildFile; fileRef = BE792EB92689E2EB0007F6C8 /* GamesViewController.swift */; };
		BE792EBD2689E30A0007F6C8 /* DetailViewController.swift in Sources */ = {isa = PBXBuildFile; fileRef = BE792EBC2689E30A0007F6C8 /* DetailViewController.swift */; };
		BE792EC12689E3390007F6C8 /* GamesViewModel.swift in Sources */ = {isa = PBXBuildFile; fileRef = BE792EC02689E3390007F6C8 /* GamesViewModel.swift */; };
		BE792EC42689E3860007F6C8 /* FavoriteGamesViewController.swift in Sources */ = {isa = PBXBuildFile; fileRef = BE792EC32689E3860007F6C8 /* FavoriteGamesViewController.swift */; };
		BE792EFB268AF5640007F6C8 /* GameTableViewCell.swift in Sources */ = {isa = PBXBuildFile; fileRef = BE792EF9268AF5640007F6C8 /* GameTableViewCell.swift */; };
		BE792EFE268AF8D00007F6C8 /* GameModel.swift in Sources */ = {isa = PBXBuildFile; fileRef = BE792EFD268AF8D00007F6C8 /* GameModel.swift */; };
		BE792F00268AF91A0007F6C8 /* NetworkingManager.swift in Sources */ = {isa = PBXBuildFile; fileRef = BE792EFF268AF91A0007F6C8 /* NetworkingManager.swift */; };
		BE792F03268AF9A60007F6C8 /* Constants.swift in Sources */ = {isa = PBXBuildFile; fileRef = BE792F02268AF9A60007F6C8 /* Constants.swift */; };
		BE792F0F268B39710007F6C8 /* GamesListTableViewHeader.swift in Sources */ = {isa = PBXBuildFile; fileRef = BE792F0D268B39710007F6C8 /* GamesListTableViewHeader.swift */; };
		BE89E1242694763500052A61 /* UIView+Ex.swift in Sources */ = {isa = PBXBuildFile; fileRef = BE89E1232694763500052A61 /* UIView+Ex.swift */; };
		BE89E126269476FB00052A61 /* UIImageView+Ex.swift in Sources */ = {isa = PBXBuildFile; fileRef = BE89E125269476FB00052A61 /* UIImageView+Ex.swift */; };
		BE89E13726973A6000052A61 /* FullScreenImageViewController.swift in Sources */ = {isa = PBXBuildFile; fileRef = BE89E13526973A6000052A61 /* FullScreenImageViewController.swift */; };
		BE89E13826973A6000052A61 /* FullScreenImageViewController.xib in Resources */ = {isa = PBXBuildFile; fileRef = BE89E13626973A6000052A61 /* FullScreenImageViewController.xib */; };
/* End PBXBuildFile section */

/* Begin PBXFileReference section */
		77285F0D26A56CAF009C30DD /* FavoriteHeaderView.swift */ = {isa = PBXFileReference; lastKnownFileType = sourcecode.swift; path = FavoriteHeaderView.swift; sourceTree = "<group>"; };
		77285F1E26AFE5F1009C30DD /* DevelopersViewModel.swift */ = {isa = PBXFileReference; lastKnownFileType = sourcecode.swift; path = DevelopersViewModel.swift; sourceTree = "<group>"; };
		77285F2226AFEA90009C30DD /* DeveloperModel.swift */ = {isa = PBXFileReference; lastKnownFileType = sourcecode.swift; path = DeveloperModel.swift; sourceTree = "<group>"; };
		77285F2626AFF414009C30DD /* DeveloperTableViewCell.swift */ = {isa = PBXFileReference; lastKnownFileType = sourcecode.swift; path = DeveloperTableViewCell.swift; sourceTree = "<group>"; };
		77285F2726AFF414009C30DD /* DeveloperTableViewCell.xib */ = {isa = PBXFileReference; lastKnownFileType = file.xib; path = DeveloperTableViewCell.xib; sourceTree = "<group>"; };
		77285F2A26B01552009C30DD /* DevelopersTableViewHeader.swift */ = {isa = PBXFileReference; lastKnownFileType = sourcecode.swift; path = DevelopersTableViewHeader.swift; sourceTree = "<group>"; };
		77285F2E26B02472009C30DD /* DevelopersViewController.swift */ = {isa = PBXFileReference; lastKnownFileType = sourcecode.swift; path = DevelopersViewController.swift; sourceTree = "<group>"; };
		77285F3026B02488009C30DD /* DevelopersViewController.xib */ = {isa = PBXFileReference; lastKnownFileType = file.xib; path = DevelopersViewController.xib; sourceTree = "<group>"; };
		77285F3726B02BD1009C30DD /* DeveloperDetailViewController.swift */ = {isa = PBXFileReference; lastKnownFileType = sourcecode.swift; path = DeveloperDetailViewController.swift; sourceTree = "<group>"; };
		77388257269F287A00DF6482 /* SavedGame+CoreDataClass.swift */ = {isa = PBXFileReference; lastKnownFileType = sourcecode.swift; path = "SavedGame+CoreDataClass.swift"; sourceTree = "<group>"; };
		77388258269F287A00DF6482 /* SavedGame+CoreDataProperties.swift */ = {isa = PBXFileReference; lastKnownFileType = sourcecode.swift; path = "SavedGame+CoreDataProperties.swift"; sourceTree = "<group>"; };
		7738826026A16D1100DF6482 /* FavoriteViewModel.swift */ = {isa = PBXFileReference; lastKnownFileType = sourcecode.swift; path = FavoriteViewModel.swift; sourceTree = "<group>"; };
		77A435F8269C73DD002B023D /* FullScreenImageViewModel.swift */ = {isa = PBXFileReference; lastKnownFileType = sourcecode.swift; path = FullScreenImageViewModel.swift; sourceTree = "<group>"; };
		77A435FA269C75A3002B023D /* DetailViewModel.swift */ = {isa = PBXFileReference; lastKnownFileType = sourcecode.swift; path = DetailViewModel.swift; sourceTree = "<group>"; };
		77A435FD269D9E1B002B023D /* Game.xcdatamodel */ = {isa = PBXFileReference; lastKnownFileType = wrapper.xcdatamodel; path = Game.xcdatamodel; sourceTree = "<group>"; };
		77AD6E6126942ABC00ACE034 /* ScreenshotCollectionViewCell.swift */ = {isa = PBXFileReference; lastKnownFileType = sourcecode.swift; path = ScreenshotCollectionViewCell.swift; sourceTree = "<group>"; };
		77AD6E6226942ABC00ACE034 /* ScreenshotCollectionViewCell.xib */ = {isa = PBXFileReference; lastKnownFileType = file.xib; path = ScreenshotCollectionViewCell.xib; sourceTree = "<group>"; };
		BE017B3A26A0312000DB8F39 /* CoreDataManager.swift */ = {isa = PBXFileReference; lastKnownFileType = sourcecode.swift; path = CoreDataManager.swift; sourceTree = "<group>"; };
		BE017B3E26A6FAF700DB8F39 /* AlertHelper.swift */ = {isa = PBXFileReference; lastKnownFileType = sourcecode.swift; path = AlertHelper.swift; sourceTree = "<group>"; };
		BE017B4226B132F200DB8F39 /* DeveloperDetailViewModel.swift */ = {isa = PBXFileReference; lastKnownFileType = sourcecode.swift; path = DeveloperDetailViewModel.swift; sourceTree = "<group>"; };
		BE017B7D26B18FCF00DB8F39 /* String+Ex.swift */ = {isa = PBXFileReference; lastKnownFileType = sourcecode.swift; path = "String+Ex.swift"; sourceTree = "<group>"; };
		BE017B8026B1906D00DB8F39 /* en */ = {isa = PBXFileReference; lastKnownFileType = text.plist.strings; name = en; path = en.lproj/Localizable.strings; sourceTree = "<group>"; };
		BE017B8226B1907E00DB8F39 /* ru */ = {isa = PBXFileReference; lastKnownFileType = text.plist.strings; name = ru; path = ru.lproj/Localizable.strings; sourceTree = "<group>"; };
		BE017B8626B1984500DB8F39 /* Base */ = {isa = PBXFileReference; lastKnownFileType = file.xib; name = Base; path = Base.lproj/DeveloperDetailViewController.xib; sourceTree = "<group>"; };
		BE017B8B26B19E9C00DB8F39 /* Base */ = {isa = PBXFileReference; lastKnownFileType = file.xib; name = Base; path = Base.lproj/DevelopersTableViewHeader.xib; sourceTree = "<group>"; };
		BE017B8E26B19EA300DB8F39 /* en */ = {isa = PBXFileReference; lastKnownFileType = text.plist.strings; name = en; path = en.lproj/DevelopersTableViewHeader.strings; sourceTree = "<group>"; };
		BE017B9026B19EA400DB8F39 /* ru */ = {isa = PBXFileReference; lastKnownFileType = text.plist.strings; name = ru; path = ru.lproj/DevelopersTableViewHeader.strings; sourceTree = "<group>"; };
		BE017B9226B1A12D00DB8F39 /* Base */ = {isa = PBXFileReference; lastKnownFileType = file.xib; name = Base; path = Base.lproj/GamesListTableViewHeader.xib; sourceTree = "<group>"; };
		BE017B9926B1A1BA00DB8F39 /* Base */ = {isa = PBXFileReference; lastKnownFileType = file.xib; name = Base; path = Base.lproj/FavoriteHeaderView.xib; sourceTree = "<group>"; };
		BE017B9C26B1A1BF00DB8F39 /* en */ = {isa = PBXFileReference; lastKnownFileType = text.plist.strings; name = en; path = en.lproj/FavoriteHeaderView.strings; sourceTree = "<group>"; };
		BE017B9E26B1A1C000DB8F39 /* ru */ = {isa = PBXFileReference; lastKnownFileType = text.plist.strings; name = ru; path = ru.lproj/FavoriteHeaderView.strings; sourceTree = "<group>"; };
		BE017BA026B1A61100DB8F39 /* Base */ = {isa = PBXFileReference; lastKnownFileType = file.xib; name = Base; path = Base.lproj/FavoriteGamesViewController.xib; sourceTree = "<group>"; };
		BE017BA326B1A62700DB8F39 /* en */ = {isa = PBXFileReference; lastKnownFileType = text.plist.strings; name = en; path = en.lproj/FavoriteGamesViewController.strings; sourceTree = "<group>"; };
		BE017BA526B1A62800DB8F39 /* ru */ = {isa = PBXFileReference; lastKnownFileType = text.plist.strings; name = ru; path = ru.lproj/FavoriteGamesViewController.strings; sourceTree = "<group>"; };
		BE017BAD26B1A77700DB8F39 /* en */ = {isa = PBXFileReference; lastKnownFileType = file.xib; name = en; path = en.lproj/GameTableViewCell.xib; sourceTree = "<group>"; };
		BE017BAE26B1A77700DB8F39 /* ru */ = {isa = PBXFileReference; lastKnownFileType = file.xib; name = ru; path = ru.lproj/GameTableViewCell.xib; sourceTree = "<group>"; };
		BE017BAF26B282A100DB8F39 /* ru */ = {isa = PBXFileReference; lastKnownFileType = file.xib; name = ru; path = ru.lproj/GamesListTableViewHeader.xib; sourceTree = "<group>"; };
		BE017BB126B28A1A00DB8F39 /* Base */ = {isa = PBXFileReference; lastKnownFileType = file.xib; name = Base; path = Base.lproj/DetailViewController.xib; sourceTree = "<group>"; };
		BE017BB926B28B3900DB8F39 /* ru */ = {isa = PBXFileReference; lastKnownFileType = file.xib; name = ru; path = ru.lproj/DeveloperDetailViewController.xib; sourceTree = "<group>"; };
		BE017BBA26B28E3000DB8F39 /* en */ = {isa = PBXFileReference; lastKnownFileType = file.xib; name = en; path = en.lproj/DeveloperDetailViewController.xib; sourceTree = "<group>"; };
		BE017BBD26B2933F00DB8F39 /* ru */ = {isa = PBXFileReference; lastKnownFileType = text.plist.strings; name = ru; path = ru.lproj/DetailViewController.strings; sourceTree = "<group>"; };
		BE017BBE26B2935300DB8F39 /* en */ = {isa = PBXFileReference; lastKnownFileType = text.plist.strings; name = en; path = en.lproj/DetailViewController.strings; sourceTree = "<group>"; };
		BE792E9B2689E23B0007F6C8 /* GamesCatalogTB.app */ = {isa = PBXFileReference; explicitFileType = wrapper.application; includeInIndex = 0; path = GamesCatalogTB.app; sourceTree = BUILT_PRODUCTS_DIR; };
		BE792E9E2689E23B0007F6C8 /* AppDelegate.swift */ = {isa = PBXFileReference; lastKnownFileType = sourcecode.swift; path = AppDelegate.swift; sourceTree = "<group>"; };
		BE792EA72689E23C0007F6C8 /* Assets.xcassets */ = {isa = PBXFileReference; lastKnownFileType = folder.assetcatalog; path = Assets.xcassets; sourceTree = "<group>"; };
		BE792EAC2689E23C0007F6C8 /* Info.plist */ = {isa = PBXFileReference; lastKnownFileType = text.plist.xml; path = Info.plist; sourceTree = "<group>"; };
		BE792EB72689E2D80007F6C8 /* GamesViewController.xib */ = {isa = PBXFileReference; lastKnownFileType = file.xib; path = GamesViewController.xib; sourceTree = "<group>"; };
		BE792EB92689E2EB0007F6C8 /* GamesViewController.swift */ = {isa = PBXFileReference; lastKnownFileType = sourcecode.swift; path = GamesViewController.swift; sourceTree = "<group>"; };
		BE792EBC2689E30A0007F6C8 /* DetailViewController.swift */ = {isa = PBXFileReference; lastKnownFileType = sourcecode.swift; path = DetailViewController.swift; sourceTree = "<group>"; };
		BE792EC02689E3390007F6C8 /* GamesViewModel.swift */ = {isa = PBXFileReference; lastKnownFileType = sourcecode.swift; path = GamesViewModel.swift; sourceTree = "<group>"; };
		BE792EC32689E3860007F6C8 /* FavoriteGamesViewController.swift */ = {isa = PBXFileReference; lastKnownFileType = sourcecode.swift; path = FavoriteGamesViewController.swift; sourceTree = "<group>"; };
		BE792EF9268AF5640007F6C8 /* GameTableViewCell.swift */ = {isa = PBXFileReference; lastKnownFileType = sourcecode.swift; path = GameTableViewCell.swift; sourceTree = "<group>"; };
		BE792EFD268AF8D00007F6C8 /* GameModel.swift */ = {isa = PBXFileReference; lastKnownFileType = sourcecode.swift; path = GameModel.swift; sourceTree = "<group>"; };
		BE792EFF268AF91A0007F6C8 /* NetworkingManager.swift */ = {isa = PBXFileReference; lastKnownFileType = sourcecode.swift; path = NetworkingManager.swift; sourceTree = "<group>"; };
		BE792F02268AF9A60007F6C8 /* Constants.swift */ = {isa = PBXFileReference; lastKnownFileType = sourcecode.swift; path = Constants.swift; sourceTree = "<group>"; };
		BE792F0D268B39710007F6C8 /* GamesListTableViewHeader.swift */ = {isa = PBXFileReference; lastKnownFileType = sourcecode.swift; path = GamesListTableViewHeader.swift; sourceTree = "<group>"; };
		BE89E1232694763500052A61 /* UIView+Ex.swift */ = {isa = PBXFileReference; lastKnownFileType = sourcecode.swift; path = "UIView+Ex.swift"; sourceTree = "<group>"; };
		BE89E125269476FB00052A61 /* UIImageView+Ex.swift */ = {isa = PBXFileReference; lastKnownFileType = sourcecode.swift; path = "UIImageView+Ex.swift"; sourceTree = "<group>"; };
		BE89E13526973A6000052A61 /* FullScreenImageViewController.swift */ = {isa = PBXFileReference; lastKnownFileType = sourcecode.swift; path = FullScreenImageViewController.swift; sourceTree = "<group>"; };
		BE89E13626973A6000052A61 /* FullScreenImageViewController.xib */ = {isa = PBXFileReference; lastKnownFileType = file.xib; path = FullScreenImageViewController.xib; sourceTree = "<group>"; };
		BED5407126B29A050035B30D /* en */ = {isa = PBXFileReference; lastKnownFileType = file.xib; name = en; path = en.lproj/GamesListTableViewHeader.xib; sourceTree = "<group>"; };
/* End PBXFileReference section */

/* Begin PBXFrameworksBuildPhase section */
		BE792E982689E23B0007F6C8 /* Frameworks */ = {
			isa = PBXFrameworksBuildPhase;
			buildActionMask = 2147483647;
			files = (
			);
			runOnlyForDeploymentPostprocessing = 0;
		};
/* End PBXFrameworksBuildPhase section */

/* Begin PBXGroup section */
		77285F0B26A56C20009C30DD /* Views */ = {
			isa = PBXGroup;
			children = (
				77285F0C26A56C27009C30DD /* Header */,
			);
			path = Views;
			sourceTree = "<group>";
		};
		77285F0C26A56C27009C30DD /* Header */ = {
			isa = PBXGroup;
			children = (
				77285F0D26A56CAF009C30DD /* FavoriteHeaderView.swift */,
				BE017B9A26B1A1BA00DB8F39 /* FavoriteHeaderView.xib */,
			);
			path = Header;
			sourceTree = "<group>";
		};
		77285F1426A81C7F009C30DD /* Models */ = {
			isa = PBXGroup;
			children = (
				BE792EFD268AF8D00007F6C8 /* GameModel.swift */,
				77285F2226AFEA90009C30DD /* DeveloperModel.swift */,
			);
			path = Models;
			sourceTree = "<group>";
		};
		77285F1526AFE4B8009C30DD /* Developers */ = {
			isa = PBXGroup;
			children = (
				77285F2026AFE623009C30DD /* DevelopersList */,
				77285F2E26B02472009C30DD /* DevelopersViewController.swift */,
				77285F3026B02488009C30DD /* DevelopersViewController.xib */,
				77285F1E26AFE5F1009C30DD /* DevelopersViewModel.swift */,
				77285F1726AFE4E0009C30DD /* DeveloperDetail */,
			);
			path = Developers;
			sourceTree = "<group>";
		};
		77285F1726AFE4E0009C30DD /* DeveloperDetail */ = {
			isa = PBXGroup;
			children = (
				77285F3726B02BD1009C30DD /* DeveloperDetailViewController.swift */,
				BE017B8526B1984100DB8F39 /* DeveloperDetailViewController.xib */,
				BE017B4226B132F200DB8F39 /* DeveloperDetailViewModel.swift */,
			);
			path = DeveloperDetail;
			sourceTree = "<group>";
		};
		77285F2026AFE623009C30DD /* DevelopersList */ = {
			isa = PBXGroup;
			children = (
				77285F2526AFF3D8009C30DD /* Cell */,
				77285F2426AFF3CD009C30DD /* Views */,
			);
			path = DevelopersList;
			sourceTree = "<group>";
		};
		77285F2426AFF3CD009C30DD /* Views */ = {
			isa = PBXGroup;
			children = (
				BED5407226B29B250035B30D /* Header */,
			);
			path = Views;
			sourceTree = "<group>";
		};
		77285F2526AFF3D8009C30DD /* Cell */ = {
			isa = PBXGroup;
			children = (
				77285F2626AFF414009C30DD /* DeveloperTableViewCell.swift */,
				77285F2726AFF414009C30DD /* DeveloperTableViewCell.xib */,
			);
			path = Cell;
			sourceTree = "<group>";
		};
		77AD6E6026942A7700ACE034 /* screenshotCell */ = {
			isa = PBXGroup;
			children = (
				77AD6E6126942ABC00ACE034 /* ScreenshotCollectionViewCell.swift */,
				77AD6E6226942ABC00ACE034 /* ScreenshotCollectionViewCell.xib */,
			);
			path = screenshotCell;
			sourceTree = "<group>";
		};
		77AD6E6526984A9C00ACE034 /* Header */ = {
			isa = PBXGroup;
			children = (
				BE792F0D268B39710007F6C8 /* GamesListTableViewHeader.swift */,
				BE017B9326B1A12D00DB8F39 /* GamesListTableViewHeader.xib */,
			);
			path = Header;
			sourceTree = "<group>";
		};
		77AD6E6626984B9300ACE034 /* Common */ = {
			isa = PBXGroup;
			children = (
				BE89E13426973A3000052A61 /* FullScreenImageViewController */,
			);
			path = Common;
			sourceTree = "<group>";
		};
		77AD6E6726984BB700ACE034 /* Favorites */ = {
			isa = PBXGroup;
			children = (
				77285F0B26A56C20009C30DD /* Views */,
				BE792EC22689E36A0007F6C8 /* FavoriteGames */,
			);
			path = Favorites;
			sourceTree = "<group>";
		};
		77AD6E6826984C3B00ACE034 /* GamesList */ = {
			isa = PBXGroup;
			children = (
				BE792F04268B367A0007F6C8 /* Views */,
				BE792EF02689FC890007F6C8 /* Cell */,
			);
			path = GamesList;
			sourceTree = "<group>";
		};
		BE017B3926A0310600DB8F39 /* CoreDataManager */ = {
			isa = PBXGroup;
			children = (
				BE017B3A26A0312000DB8F39 /* CoreDataManager.swift */,
			);
			path = CoreDataManager;
			sourceTree = "<group>";
		};
		BE017B4026A701E900DB8F39 /* Managers */ = {
			isa = PBXGroup;
			children = (
				BE017B3926A0310600DB8F39 /* CoreDataManager */,
				BE792EC82689E4030007F6C8 /* API */,
				BE017B3E26A6FAF700DB8F39 /* AlertHelper.swift */,
			);
			path = Managers;
			sourceTree = "<group>";
		};
		BE017B4126A702C000DB8F39 /* CoreDataFiles */ = {
			isa = PBXGroup;
			children = (
				77388258269F287A00DF6482 /* SavedGame+CoreDataProperties.swift */,
				77388257269F287A00DF6482 /* SavedGame+CoreDataClass.swift */,
				77A435FC269D9E1B002B023D /* GameCoreData.xcdatamodeld */,
			);
			path = CoreDataFiles;
			sourceTree = "<group>";
		};
		BE017B7A26B18BDE00DB8F39 /* Localization */ = {
			isa = PBXGroup;
			children = (
				BE017B8126B1906D00DB8F39 /* Localizable.strings */,
			);
			path = Localization;
			sourceTree = "<group>";
		};
		BE792E922689E23B0007F6C8 = {
			isa = PBXGroup;
			children = (
				BE017B4126A702C000DB8F39 /* CoreDataFiles */,
				BE792E9D2689E23B0007F6C8 /* GamesCatalogTB */,
				BE792E9C2689E23B0007F6C8 /* Products */,
			);
			sourceTree = "<group>";
		};
		BE792E9C2689E23B0007F6C8 /* Products */ = {
			isa = PBXGroup;
			children = (
				BE792E9B2689E23B0007F6C8 /* GamesCatalogTB.app */,
			);
			name = Products;
			sourceTree = "<group>";
		};
		BE792E9D2689E23B0007F6C8 /* GamesCatalogTB */ = {
			isa = PBXGroup;
			children = (
				BE017B7A26B18BDE00DB8F39 /* Localization */,
				BE792E9E2689E23B0007F6C8 /* AppDelegate.swift */,
				BE89E1222694762100052A61 /* Extensions */,
				BE017B4026A701E900DB8F39 /* Managers */,
				BE792F01268AF9950007F6C8 /* Config */,
				BE792EC72689E3D60007F6C8 /* Support */,
				BE792EB32689E25B0007F6C8 /* Modules */,
			);
			path = GamesCatalogTB;
			sourceTree = "<group>";
		};
		BE792EB32689E25B0007F6C8 /* Modules */ = {
			isa = PBXGroup;
			children = (
				77AD6E6626984B9300ACE034 /* Common */,
				77AD6E6726984BB700ACE034 /* Favorites */,
				BE792EB42689E2670007F6C8 /* Games */,
				77285F1526AFE4B8009C30DD /* Developers */,
			);
			path = Modules;
			sourceTree = "<group>";
		};
		BE792EB42689E2670007F6C8 /* Games */ = {
			isa = PBXGroup;
			children = (
				77AD6E6826984C3B00ACE034 /* GamesList */,
				BE792EB92689E2EB0007F6C8 /* GamesViewController.swift */,
				BE792EB72689E2D80007F6C8 /* GamesViewController.xib */,
				BE792EC02689E3390007F6C8 /* GamesViewModel.swift */,
				BE792EB62689E2870007F6C8 /* GamesDetail */,
			);
			path = Games;
			sourceTree = "<group>";
		};
		BE792EB62689E2870007F6C8 /* GamesDetail */ = {
			isa = PBXGroup;
			children = (
				77AD6E6026942A7700ACE034 /* screenshotCell */,
				BE017BB226B28A1A00DB8F39 /* DetailViewController.xib */,
				BE792EBC2689E30A0007F6C8 /* DetailViewController.swift */,
				77A435FA269C75A3002B023D /* DetailViewModel.swift */,
			);
			path = GamesDetail;
			sourceTree = "<group>";
		};
		BE792EC22689E36A0007F6C8 /* FavoriteGames */ = {
			isa = PBXGroup;
			children = (
				BE792EC32689E3860007F6C8 /* FavoriteGamesViewController.swift */,
				BE017BA126B1A61100DB8F39 /* FavoriteGamesViewController.xib */,
				7738826026A16D1100DF6482 /* FavoriteViewModel.swift */,
			);
			path = FavoriteGames;
			sourceTree = "<group>";
		};
		BE792EC72689E3D60007F6C8 /* Support */ = {
			isa = PBXGroup;
			children = (
				BE792EAC2689E23C0007F6C8 /* Info.plist */,
				BE792EA72689E23C0007F6C8 /* Assets.xcassets */,
			);
			path = Support;
			sourceTree = "<group>";
		};
		BE792EC82689E4030007F6C8 /* API */ = {
			isa = PBXGroup;
			children = (
				77285F1426A81C7F009C30DD /* Models */,
				BE792EFF268AF91A0007F6C8 /* NetworkingManager.swift */,
			);
			path = API;
			sourceTree = "<group>";
		};
		BE792EF02689FC890007F6C8 /* Cell */ = {
			isa = PBXGroup;
			children = (
				BE792EF9268AF5640007F6C8 /* GameTableViewCell.swift */,
				BE017BA826B1A67700DB8F39 /* GameTableViewCell.xib */,
			);
			path = Cell;
			sourceTree = "<group>";
		};
		BE792F01268AF9950007F6C8 /* Config */ = {
			isa = PBXGroup;
			children = (
				BE792F02268AF9A60007F6C8 /* Constants.swift */,
			);
			path = Config;
			sourceTree = "<group>";
		};
		BE792F04268B367A0007F6C8 /* Views */ = {
			isa = PBXGroup;
			children = (
				77AD6E6526984A9C00ACE034 /* Header */,
			);
			path = Views;
			sourceTree = "<group>";
		};
		BE89E1222694762100052A61 /* Extensions */ = {
			isa = PBXGroup;
			children = (
				BE89E1232694763500052A61 /* UIView+Ex.swift */,
				BE89E125269476FB00052A61 /* UIImageView+Ex.swift */,
				BE017B7D26B18FCF00DB8F39 /* String+Ex.swift */,
			);
			path = Extensions;
			sourceTree = "<group>";
		};
		BE89E13426973A3000052A61 /* FullScreenImageViewController */ = {
			isa = PBXGroup;
			children = (
				BE89E13526973A6000052A61 /* FullScreenImageViewController.swift */,
				BE89E13626973A6000052A61 /* FullScreenImageViewController.xib */,
				77A435F8269C73DD002B023D /* FullScreenImageViewModel.swift */,
			);
			path = FullScreenImageViewController;
			sourceTree = "<group>";
		};
		BED5407226B29B250035B30D /* Header */ = {
			isa = PBXGroup;
			children = (
				77285F2A26B01552009C30DD /* DevelopersTableViewHeader.swift */,
				BE017B8C26B19E9C00DB8F39 /* DevelopersTableViewHeader.xib */,
			);
			path = Header;
			sourceTree = "<group>";
		};
/* End PBXGroup section */

/* Begin PBXNativeTarget section */
		BE792E9A2689E23B0007F6C8 /* GamesCatalogTB */ = {
			isa = PBXNativeTarget;
			buildConfigurationList = BE792EAF2689E23C0007F6C8 /* Build configuration list for PBXNativeTarget "GamesCatalogTB" */;
			buildPhases = (
				BE792E972689E23B0007F6C8 /* Sources */,
				BE792E982689E23B0007F6C8 /* Frameworks */,
				BE792E992689E23B0007F6C8 /* Resources */,
			);
			buildRules = (
			);
			dependencies = (
			);
			name = GamesCatalogTB;
			productName = GamesCatalogTB;
			productReference = BE792E9B2689E23B0007F6C8 /* GamesCatalogTB.app */;
			productType = "com.apple.product-type.application";
		};
/* End PBXNativeTarget section */

/* Begin PBXProject section */
		BE792E932689E23B0007F6C8 /* Project object */ = {
			isa = PBXProject;
			attributes = {
				LastSwiftUpdateCheck = 1250;
				LastUpgradeCheck = 1250;
				TargetAttributes = {
					BE792E9A2689E23B0007F6C8 = {
						CreatedOnToolsVersion = 12.5;
					};
				};
			};
			buildConfigurationList = BE792E962689E23B0007F6C8 /* Build configuration list for PBXProject "GamesCatalogTB" */;
			compatibilityVersion = "Xcode 9.3";
			developmentRegion = en;
			hasScannedForEncodings = 0;
			knownRegions = (
				en,
				Base,
				ru,
			);
			mainGroup = BE792E922689E23B0007F6C8;
			productRefGroup = BE792E9C2689E23B0007F6C8 /* Products */;
			projectDirPath = "";
			projectRoot = "";
			targets = (
				BE792E9A2689E23B0007F6C8 /* GamesCatalogTB */,
			);
		};
/* End PBXProject section */

/* Begin PBXResourcesBuildPhase section */
		BE792E992689E23B0007F6C8 /* Resources */ = {
			isa = PBXResourcesBuildPhase;
			buildActionMask = 2147483647;
			files = (
				77285F3226B02A5B009C30DD /* DevelopersViewController.xib in Resources */,
				BE792EB82689E2D80007F6C8 /* GamesViewController.xib in Resources */,
				77AD6E6426942ABC00ACE034 /* ScreenshotCollectionViewCell.xib in Resources */,
				BE017B7F26B1906D00DB8F39 /* Localizable.strings in Resources */,
				BE017B8A26B19E9C00DB8F39 /* DevelopersTableViewHeader.xib in Resources */,
				BE017BA626B1A67700DB8F39 /* GameTableViewCell.xib in Resources */,
				BE017B9F26B1A61100DB8F39 /* FavoriteGamesViewController.xib in Resources */,
				BE017B9826B1A1BA00DB8F39 /* FavoriteHeaderView.xib in Resources */,
				77285F2926AFF414009C30DD /* DeveloperTableViewCell.xib in Resources */,
				BE792EA82689E23C0007F6C8 /* Assets.xcassets in Resources */,
				BE017B8326B1984100DB8F39 /* DeveloperDetailViewController.xib in Resources */,
				BE017BB026B28A1A00DB8F39 /* DetailViewController.xib in Resources */,
				BE89E13826973A6000052A61 /* FullScreenImageViewController.xib in Resources */,
				BE017B9126B1A12D00DB8F39 /* GamesListTableViewHeader.xib in Resources */,
			);
			runOnlyForDeploymentPostprocessing = 0;
		};
/* End PBXResourcesBuildPhase section */

/* Begin PBXSourcesBuildPhase section */
		BE792E972689E23B0007F6C8 /* Sources */ = {
			isa = PBXSourcesBuildPhase;
			buildActionMask = 2147483647;
			files = (
				77285F3126B02866009C30DD /* DevelopersViewController.swift in Sources */,
				77A435FB269C75A3002B023D /* DetailViewModel.swift in Sources */,
				77285F2326AFEA90009C30DD /* DeveloperModel.swift in Sources */,
				77388259269F287A00DF6482 /* SavedGame+CoreDataClass.swift in Sources */,
				77285F3926B02BD1009C30DD /* DeveloperDetailViewController.swift in Sources */,
				BE792EBA2689E2EB0007F6C8 /* GamesViewController.swift in Sources */,
				7738825A269F287A00DF6482 /* SavedGame+CoreDataProperties.swift in Sources */,
				77285F0E26A56CB0009C30DD /* FavoriteHeaderView.swift in Sources */,
				BE017B4326B132F200DB8F39 /* DeveloperDetailViewModel.swift in Sources */,
				BE792EC12689E3390007F6C8 /* GamesViewModel.swift in Sources */,
				BE792EBD2689E30A0007F6C8 /* DetailViewController.swift in Sources */,
				BE792EFB268AF5640007F6C8 /* GameTableViewCell.swift in Sources */,
				BE792EC42689E3860007F6C8 /* FavoriteGamesViewController.swift in Sources */,
				BE792F00268AF91A0007F6C8 /* NetworkingManager.swift in Sources */,
				BE89E126269476FB00052A61 /* UIImageView+Ex.swift in Sources */,
				77285F1F26AFE5F1009C30DD /* DevelopersViewModel.swift in Sources */,
				7738826126A16D1100DF6482 /* FavoriteViewModel.swift in Sources */,
				BE017B3F26A6FAF700DB8F39 /* AlertHelper.swift in Sources */,
				BE792EFE268AF8D00007F6C8 /* GameModel.swift in Sources */,
				BE89E13726973A6000052A61 /* FullScreenImageViewController.swift in Sources */,
				BE89E1242694763500052A61 /* UIView+Ex.swift in Sources */,
				BE017B7E26B18FCF00DB8F39 /* String+Ex.swift in Sources */,
				BE792F0F268B39710007F6C8 /* GamesListTableViewHeader.swift in Sources */,
				77A435F9269C73DD002B023D /* FullScreenImageViewModel.swift in Sources */,
				BE792E9F2689E23B0007F6C8 /* AppDelegate.swift in Sources */,
				77285F2B26B01553009C30DD /* DevelopersTableViewHeader.swift in Sources */,
				BE792F03268AF9A60007F6C8 /* Constants.swift in Sources */,
				77A435FE269D9E1B002B023D /* GameCoreData.xcdatamodeld in Sources */,
				BE017B3B26A0312000DB8F39 /* CoreDataManager.swift in Sources */,
				77AD6E6326942ABC00ACE034 /* ScreenshotCollectionViewCell.swift in Sources */,
				77285F2826AFF414009C30DD /* DeveloperTableViewCell.swift in Sources */,
			);
			runOnlyForDeploymentPostprocessing = 0;
		};
/* End PBXSourcesBuildPhase section */

/* Begin PBXVariantGroup section */
		BE017B8126B1906D00DB8F39 /* Localizable.strings */ = {
			isa = PBXVariantGroup;
			children = (
				BE017B8026B1906D00DB8F39 /* en */,
				BE017B8226B1907E00DB8F39 /* ru */,
			);
			name = Localizable.strings;
			sourceTree = "<group>";
		};
		BE017B8526B1984100DB8F39 /* DeveloperDetailViewController.xib */ = {
			isa = PBXVariantGroup;
			children = (
				BE017B8626B1984500DB8F39 /* Base */,
				BE017BB926B28B3900DB8F39 /* ru */,
				BE017BBA26B28E3000DB8F39 /* en */,
			);
			name = DeveloperDetailViewController.xib;
			sourceTree = "<group>";
		};
		BE017B8C26B19E9C00DB8F39 /* DevelopersTableViewHeader.xib */ = {
			isa = PBXVariantGroup;
			children = (
				BE017B8B26B19E9C00DB8F39 /* Base */,
				BE017B8E26B19EA300DB8F39 /* en */,
				BE017B9026B19EA400DB8F39 /* ru */,
			);
			name = DevelopersTableViewHeader.xib;
			sourceTree = "<group>";
		};
		BE017B9326B1A12D00DB8F39 /* GamesListTableViewHeader.xib */ = {
			isa = PBXVariantGroup;
			children = (
				BE017B9226B1A12D00DB8F39 /* Base */,
				BE017BAF26B282A100DB8F39 /* ru */,
				BED5407126B29A050035B30D /* en */,
			);
			name = GamesListTableViewHeader.xib;
			sourceTree = "<group>";
		};
		BE017B9A26B1A1BA00DB8F39 /* FavoriteHeaderView.xib */ = {
			isa = PBXVariantGroup;
			children = (
				BE017B9926B1A1BA00DB8F39 /* Base */,
				BE017B9C26B1A1BF00DB8F39 /* en */,
				BE017B9E26B1A1C000DB8F39 /* ru */,
			);
			name = FavoriteHeaderView.xib;
			sourceTree = "<group>";
		};
		BE017BA126B1A61100DB8F39 /* FavoriteGamesViewController.xib */ = {
			isa = PBXVariantGroup;
			children = (
				BE017BA026B1A61100DB8F39 /* Base */,
				BE017BA326B1A62700DB8F39 /* en */,
				BE017BA526B1A62800DB8F39 /* ru */,
			);
			name = FavoriteGamesViewController.xib;
			sourceTree = "<group>";
		};
		BE017BA826B1A67700DB8F39 /* GameTableViewCell.xib */ = {
			isa = PBXVariantGroup;
			children = (
				BE017BAD26B1A77700DB8F39 /* en */,
				BE017BAE26B1A77700DB8F39 /* ru */,
			);
			name = GameTableViewCell.xib;
			sourceTree = "<group>";
		};
		BE017BB226B28A1A00DB8F39 /* DetailViewController.xib */ = {
			isa = PBXVariantGroup;
			children = (
				BE017BB126B28A1A00DB8F39 /* Base */,
				BE017BBD26B2933F00DB8F39 /* ru */,
				BE017BBE26B2935300DB8F39 /* en */,
			);
			name = DetailViewController.xib;
			sourceTree = "<group>";
		};
/* End PBXVariantGroup section */

/* Begin XCBuildConfiguration section */
		BE792EAD2689E23C0007F6C8 /* Debug */ = {
			isa = XCBuildConfiguration;
			buildSettings = {
				ALWAYS_SEARCH_USER_PATHS = NO;
				CLANG_ANALYZER_LOCALIZABILITY_NONLOCALIZED = YES;
				CLANG_ANALYZER_NONNULL = YES;
				CLANG_ANALYZER_NUMBER_OBJECT_CONVERSION = YES_AGGRESSIVE;
				CLANG_CXX_LANGUAGE_STANDARD = "gnu++14";
				CLANG_CXX_LIBRARY = "libc++";
				CLANG_ENABLE_MODULES = YES;
				CLANG_ENABLE_OBJC_ARC = YES;
				CLANG_ENABLE_OBJC_WEAK = YES;
				CLANG_WARN_BLOCK_CAPTURE_AUTORELEASING = YES;
				CLANG_WARN_BOOL_CONVERSION = YES;
				CLANG_WARN_COMMA = YES;
				CLANG_WARN_CONSTANT_CONVERSION = YES;
				CLANG_WARN_DEPRECATED_OBJC_IMPLEMENTATIONS = YES;
				CLANG_WARN_DIRECT_OBJC_ISA_USAGE = YES_ERROR;
				CLANG_WARN_DOCUMENTATION_COMMENTS = YES;
				CLANG_WARN_EMPTY_BODY = YES;
				CLANG_WARN_ENUM_CONVERSION = YES;
				CLANG_WARN_INFINITE_RECURSION = YES;
				CLANG_WARN_INT_CONVERSION = YES;
				CLANG_WARN_NON_LITERAL_NULL_CONVERSION = YES;
				CLANG_WARN_OBJC_IMPLICIT_RETAIN_SELF = YES;
				CLANG_WARN_OBJC_LITERAL_CONVERSION = YES;
				CLANG_WARN_OBJC_ROOT_CLASS = YES_ERROR;
				CLANG_WARN_QUOTED_INCLUDE_IN_FRAMEWORK_HEADER = YES;
				CLANG_WARN_RANGE_LOOP_ANALYSIS = YES;
				CLANG_WARN_STRICT_PROTOTYPES = YES;
				CLANG_WARN_SUSPICIOUS_MOVE = YES;
				CLANG_WARN_UNGUARDED_AVAILABILITY = YES_AGGRESSIVE;
				CLANG_WARN_UNREACHABLE_CODE = YES;
				CLANG_WARN__DUPLICATE_METHOD_MATCH = YES;
				COPY_PHASE_STRIP = NO;
				DEBUG_INFORMATION_FORMAT = dwarf;
				ENABLE_STRICT_OBJC_MSGSEND = YES;
				ENABLE_TESTABILITY = YES;
				GCC_C_LANGUAGE_STANDARD = gnu11;
				GCC_DYNAMIC_NO_PIC = NO;
				GCC_NO_COMMON_BLOCKS = YES;
				GCC_OPTIMIZATION_LEVEL = 0;
				GCC_PREPROCESSOR_DEFINITIONS = (
					"DEBUG=1",
					"$(inherited)",
				);
				GCC_WARN_64_TO_32_BIT_CONVERSION = YES;
				GCC_WARN_ABOUT_RETURN_TYPE = YES_ERROR;
				GCC_WARN_UNDECLARED_SELECTOR = YES;
				GCC_WARN_UNINITIALIZED_AUTOS = YES_AGGRESSIVE;
				GCC_WARN_UNUSED_FUNCTION = YES;
				GCC_WARN_UNUSED_VARIABLE = YES;
				IPHONEOS_DEPLOYMENT_TARGET = 14.5;
				MTL_ENABLE_DEBUG_INFO = INCLUDE_SOURCE;
				MTL_FAST_MATH = YES;
				ONLY_ACTIVE_ARCH = YES;
				SDKROOT = iphoneos;
				SWIFT_ACTIVE_COMPILATION_CONDITIONS = DEBUG;
				SWIFT_OPTIMIZATION_LEVEL = "-Onone";
			};
			name = Debug;
		};
		BE792EAE2689E23C0007F6C8 /* Release */ = {
			isa = XCBuildConfiguration;
			buildSettings = {
				ALWAYS_SEARCH_USER_PATHS = NO;
				CLANG_ANALYZER_LOCALIZABILITY_NONLOCALIZED = YES;
				CLANG_ANALYZER_NONNULL = YES;
				CLANG_ANALYZER_NUMBER_OBJECT_CONVERSION = YES_AGGRESSIVE;
				CLANG_CXX_LANGUAGE_STANDARD = "gnu++14";
				CLANG_CXX_LIBRARY = "libc++";
				CLANG_ENABLE_MODULES = YES;
				CLANG_ENABLE_OBJC_ARC = YES;
				CLANG_ENABLE_OBJC_WEAK = YES;
				CLANG_WARN_BLOCK_CAPTURE_AUTORELEASING = YES;
				CLANG_WARN_BOOL_CONVERSION = YES;
				CLANG_WARN_COMMA = YES;
				CLANG_WARN_CONSTANT_CONVERSION = YES;
				CLANG_WARN_DEPRECATED_OBJC_IMPLEMENTATIONS = YES;
				CLANG_WARN_DIRECT_OBJC_ISA_USAGE = YES_ERROR;
				CLANG_WARN_DOCUMENTATION_COMMENTS = YES;
				CLANG_WARN_EMPTY_BODY = YES;
				CLANG_WARN_ENUM_CONVERSION = YES;
				CLANG_WARN_INFINITE_RECURSION = YES;
				CLANG_WARN_INT_CONVERSION = YES;
				CLANG_WARN_NON_LITERAL_NULL_CONVERSION = YES;
				CLANG_WARN_OBJC_IMPLICIT_RETAIN_SELF = YES;
				CLANG_WARN_OBJC_LITERAL_CONVERSION = YES;
				CLANG_WARN_OBJC_ROOT_CLASS = YES_ERROR;
				CLANG_WARN_QUOTED_INCLUDE_IN_FRAMEWORK_HEADER = YES;
				CLANG_WARN_RANGE_LOOP_ANALYSIS = YES;
				CLANG_WARN_STRICT_PROTOTYPES = YES;
				CLANG_WARN_SUSPICIOUS_MOVE = YES;
				CLANG_WARN_UNGUARDED_AVAILABILITY = YES_AGGRESSIVE;
				CLANG_WARN_UNREACHABLE_CODE = YES;
				CLANG_WARN__DUPLICATE_METHOD_MATCH = YES;
				COPY_PHASE_STRIP = NO;
				DEBUG_INFORMATION_FORMAT = "dwarf-with-dsym";
				ENABLE_NS_ASSERTIONS = NO;
				ENABLE_STRICT_OBJC_MSGSEND = YES;
				GCC_C_LANGUAGE_STANDARD = gnu11;
				GCC_NO_COMMON_BLOCKS = YES;
				GCC_WARN_64_TO_32_BIT_CONVERSION = YES;
				GCC_WARN_ABOUT_RETURN_TYPE = YES_ERROR;
				GCC_WARN_UNDECLARED_SELECTOR = YES;
				GCC_WARN_UNINITIALIZED_AUTOS = YES_AGGRESSIVE;
				GCC_WARN_UNUSED_FUNCTION = YES;
				GCC_WARN_UNUSED_VARIABLE = YES;
				IPHONEOS_DEPLOYMENT_TARGET = 14.5;
				MTL_ENABLE_DEBUG_INFO = NO;
				MTL_FAST_MATH = YES;
				SDKROOT = iphoneos;
				SWIFT_COMPILATION_MODE = wholemodule;
				SWIFT_OPTIMIZATION_LEVEL = "-O";
				VALIDATE_PRODUCT = YES;
			};
			name = Release;
		};
		BE792EB02689E23C0007F6C8 /* Debug */ = {
			isa = XCBuildConfiguration;
			buildSettings = {
				ASSETCATALOG_COMPILER_APPICON_NAME = AppIcon;
				ASSETCATALOG_COMPILER_GLOBAL_ACCENT_COLOR_NAME = AccentColor;
				CODE_SIGN_STYLE = Automatic;
				DEVELOPMENT_TEAM = 88HQ5QWN39;
				INFOPLIST_FILE = GamesCatalogTB/Support/Info.plist;
				LD_RUNPATH_SEARCH_PATHS = (
					"$(inherited)",
					"@executable_path/Frameworks",
				);
				PRODUCT_BUNDLE_IDENTIFIER = TsuprikOlga.GamesCatalogTB;
				PRODUCT_NAME = "$(TARGET_NAME)";
				SWIFT_VERSION = 5.0;
				TARGETED_DEVICE_FAMILY = "1,2";
			};
			name = Debug;
		};
		BE792EB12689E23C0007F6C8 /* Release */ = {
			isa = XCBuildConfiguration;
			buildSettings = {
				ASSETCATALOG_COMPILER_APPICON_NAME = AppIcon;
				ASSETCATALOG_COMPILER_GLOBAL_ACCENT_COLOR_NAME = AccentColor;
				CODE_SIGN_STYLE = Automatic;
				DEVELOPMENT_TEAM = 88HQ5QWN39;
				INFOPLIST_FILE = GamesCatalogTB/Support/Info.plist;
				LD_RUNPATH_SEARCH_PATHS = (
					"$(inherited)",
					"@executable_path/Frameworks",
				);
				PRODUCT_BUNDLE_IDENTIFIER = TsuprikOlga.GamesCatalogTB;
				PRODUCT_NAME = "$(TARGET_NAME)";
				SWIFT_VERSION = 5.0;
				TARGETED_DEVICE_FAMILY = "1,2";
			};
			name = Release;
		};
/* End XCBuildConfiguration section */

/* Begin XCConfigurationList section */
		BE792E962689E23B0007F6C8 /* Build configuration list for PBXProject "GamesCatalogTB" */ = {
			isa = XCConfigurationList;
			buildConfigurations = (
				BE792EAD2689E23C0007F6C8 /* Debug */,
				BE792EAE2689E23C0007F6C8 /* Release */,
			);
			defaultConfigurationIsVisible = 0;
			defaultConfigurationName = Release;
		};
		BE792EAF2689E23C0007F6C8 /* Build configuration list for PBXNativeTarget "GamesCatalogTB" */ = {
			isa = XCConfigurationList;
			buildConfigurations = (
				BE792EB02689E23C0007F6C8 /* Debug */,
				BE792EB12689E23C0007F6C8 /* Release */,
			);
			defaultConfigurationIsVisible = 0;
			defaultConfigurationName = Release;
		};
/* End XCConfigurationList section */

/* Begin XCVersionGroup section */
		77A435FC269D9E1B002B023D /* GameCoreData.xcdatamodeld */ = {
			isa = XCVersionGroup;
			children = (
				77A435FD269D9E1B002B023D /* Game.xcdatamodel */,
			);
			currentVersion = 77A435FD269D9E1B002B023D /* Game.xcdatamodel */;
			path = GameCoreData.xcdatamodeld;
			sourceTree = "<group>";
			versionGroupType = wrapper.xcdatamodel;
		};
/* End XCVersionGroup section */
	};
	rootObject = BE792E932689E23B0007F6C8 /* Project object */;
}
